
Microsoft Visual Studio Solution File, Format Version 12.00
Project("{FAE04EC0-301F-11D3-BF4B-00C04F79EFBC}") = "ReplayFile", "ReplayFile\ReplayFile.csproj", "{92EE98C2-7064-40E5-B374-7438238EA122}"
EndProject
Global
	GlobalSection(SolutionConfigurationPlatforms) = preSolution
		Debug|Any CPU = Debug|Any CPU
		Release|Any CPU = Release|Any CPU
	EndGlobalSection
	GlobalSection(ProjectConfigurationPlatforms) = postSolution
		{92EE98C2-7064-40E5-B374-7438238EA122}.Debug|Any CPU.ActiveCfg = Debug|Any CPU
		{92EE98C2-7064-40E5-B374-7438238EA122}.Debug|Any CPU.Build.0 = Debug|Any CPU
		{92EE98C2-7064-40E5-B374-7438238EA122}.Release|Any CPU.ActiveCfg = Release|Any CPU
		{92EE98C2-7064-40E5-B374-7438238EA122}.Release|Any CPU.Build.0 = Release|Any CPU
	EndGlobalSection
EndGlobal
