
Microsoft Visual Studio Solution File, Format Version 12.00
Project("{FAE04EC0-301F-11D3-BF4B-00C04F79EFBC}") = "ReplayFile", "ReplayFile\ReplayFile.csproj", "{92EE98C2-7064-40E5-B374-7438238EA122}"
EndProject
Project("{FAE04EC0-301F-11D3-BF4B-00C04F79EFBC}") = "BottigiDiscord", "BottigiDiscord\BottigiDiscord.csproj", "{8D85457D-F741-4455-9DAB-046A73D7B9E3}"
EndProject
Project("{FAE04EC0-301F-11D3-BF4B-00C04F79EFBC}") = "ReplayViewer", "ReplayViewer\ReplayViewer.csproj", "{6834A73F-D044-411D-BF27-A1C18ADA845F}"
EndProject
Project("{FAE04EC0-301F-11D3-BF4B-00C04F79EFBC}") = "ReplayShellEx", "ReplayShellEx\ReplayShellEx.csproj", "{13BE9BED-05D6-4862-8856-E9E995E6EFBF}"
EndProject
Global
	GlobalSection(SolutionConfigurationPlatforms) = preSolution
		Debug|Any CPU = Debug|Any CPU
		Release|Any CPU = Release|Any CPU
	EndGlobalSection
	GlobalSection(ProjectConfigurationPlatforms) = postSolution
		{92EE98C2-7064-40E5-B374-7438238EA122}.Debug|Any CPU.ActiveCfg = Debug|Any CPU
		{92EE98C2-7064-40E5-B374-7438238EA122}.Debug|Any CPU.Build.0 = Debug|Any CPU
		{92EE98C2-7064-40E5-B374-7438238EA122}.Release|Any CPU.ActiveCfg = Release|Any CPU
		{92EE98C2-7064-40E5-B374-7438238EA122}.Release|Any CPU.Build.0 = Release|Any CPU
		{8D85457D-F741-4455-9DAB-046A73D7B9E3}.Debug|Any CPU.ActiveCfg = Debug|Any CPU
		{8D85457D-F741-4455-9DAB-046A73D7B9E3}.Debug|Any CPU.Build.0 = Debug|Any CPU
		{8D85457D-F741-4455-9DAB-046A73D7B9E3}.Release|Any CPU.ActiveCfg = Release|Any CPU
		{8D85457D-F741-4455-9DAB-046A73D7B9E3}.Release|Any CPU.Build.0 = Release|Any CPU
		{6834A73F-D044-411D-BF27-A1C18ADA845F}.Debug|Any CPU.ActiveCfg = Debug|Any CPU
		{6834A73F-D044-411D-BF27-A1C18ADA845F}.Debug|Any CPU.Build.0 = Debug|Any CPU
		{6834A73F-D044-411D-BF27-A1C18ADA845F}.Release|Any CPU.ActiveCfg = Release|Any CPU
		{6834A73F-D044-411D-BF27-A1C18ADA845F}.Release|Any CPU.Build.0 = Release|Any CPU
		{13BE9BED-05D6-4862-8856-E9E995E6EFBF}.Debug|Any CPU.ActiveCfg = Debug|Any CPU
		{13BE9BED-05D6-4862-8856-E9E995E6EFBF}.Debug|Any CPU.Build.0 = Debug|Any CPU
		{13BE9BED-05D6-4862-8856-E9E995E6EFBF}.Release|Any CPU.ActiveCfg = Release|Any CPU
		{13BE9BED-05D6-4862-8856-E9E995E6EFBF}.Release|Any CPU.Build.0 = Release|Any CPU
	EndGlobalSection
EndGlobal
